
Microsoft Visual Studio Solution File, Format Version 12.00
# Visual Studio 15
VisualStudioVersion = 15.0.27703.2047
MinimumVisualStudioVersion = 10.0.40219.1
Project("{FAE04EC0-301F-11D3-BF4B-00C04F79EFBC}") = "HomemadeIoCController", "HomemadeIoCController\HomemadeIoCController.csproj", "{427522A5-FDA6-493E-8F73-1179CFA3F4D5}"
EndProject
Project("{FAE04EC0-301F-11D3-BF4B-00C04F79EFBC}") = "MovieApp", "MovieApp\MovieApp.csproj", "{D61F4AC3-7106-4B24-800D-AB423A269543}"
EndProject
Project("{FAE04EC0-301F-11D3-BF4B-00C04F79EFBC}") = "TestApp", "TestApp\TestApp.csproj", "{06ADD506-8726-4257-80A5-83CE9EA4A3A2}"
EndProject
Global
	GlobalSection(SolutionConfigurationPlatforms) = preSolution
		Debug|Any CPU = Debug|Any CPU
		Release|Any CPU = Release|Any CPU
	EndGlobalSection
	GlobalSection(ProjectConfigurationPlatforms) = postSolution
		{427522A5-FDA6-493E-8F73-1179CFA3F4D5}.Debug|Any CPU.ActiveCfg = Debug|Any CPU
		{427522A5-FDA6-493E-8F73-1179CFA3F4D5}.Debug|Any CPU.Build.0 = Debug|Any CPU
		{427522A5-FDA6-493E-8F73-1179CFA3F4D5}.Release|Any CPU.ActiveCfg = Release|Any CPU
		{427522A5-FDA6-493E-8F73-1179CFA3F4D5}.Release|Any CPU.Build.0 = Release|Any CPU
		{D61F4AC3-7106-4B24-800D-AB423A269543}.Debug|Any CPU.ActiveCfg = Debug|Any CPU
		{D61F4AC3-7106-4B24-800D-AB423A269543}.Debug|Any CPU.Build.0 = Debug|Any CPU
		{D61F4AC3-7106-4B24-800D-AB423A269543}.Release|Any CPU.ActiveCfg = Release|Any CPU
		{D61F4AC3-7106-4B24-800D-AB423A269543}.Release|Any CPU.Build.0 = Release|Any CPU
		{06ADD506-8726-4257-80A5-83CE9EA4A3A2}.Debug|Any CPU.ActiveCfg = Debug|Any CPU
		{06ADD506-8726-4257-80A5-83CE9EA4A3A2}.Debug|Any CPU.Build.0 = Debug|Any CPU
		{06ADD506-8726-4257-80A5-83CE9EA4A3A2}.Release|Any CPU.ActiveCfg = Release|Any CPU
		{06ADD506-8726-4257-80A5-83CE9EA4A3A2}.Release|Any CPU.Build.0 = Release|Any CPU
	EndGlobalSection
	GlobalSection(SolutionProperties) = preSolution
		HideSolutionNode = FALSE
	EndGlobalSection
	GlobalSection(ExtensibilityGlobals) = postSolution
		SolutionGuid = {005ADE16-F053-47D7-9A05-9A155FD01AE1}
	EndGlobalSection
EndGlobal
